{
  "version": "5",
  "specifiers": {
    "jsr:@supabase/functions-js@*": "2.107.0"
  },
  "jsr": {
    "@supabase/functions-js@2.107.0": {
      "integrity": "8bc791c05732fe5c923096e9b442135bd0f9fbacbd40a9dd7470f4e03b941387"
    }
  },
  "redirects": {
    "https://esm.sh/@supabase/supabase-js@2": "https://esm.sh/@supabase/supabase-js@2.107.0"
  },
  "remote": {
    "https://esm.sh/@supabase/supabase-js@2.107.0": "8caa09b0223684d83cfa273de2946af25430d7ca8e5320b721226a0c7a8c6e98"
  },
  "workspace": {
    "packageJson": {
      "dependencies": [
        "npm:@expo-google-fonts/exo-2@~0.4.2",
        "npm:@expo-google-fonts/exo@~0.4.2",
        "npm:@expo-google-fonts/geist-mono@~0.4.1",
        "npm:@expo/ngrok@^4.1.3",
        "npm:@expo/vector-icons@^15.0.3",
        "npm:@imagemagick/magick-wasm@^0.0.42",
        "npm:@react-native-async-storage/async-storage@2.2.0",
        "npm:@react-native-community/slider@5.0.1",
        "npm:@react-navigation/bottom-tabs@^7.4.0",
        "npm:@react-navigation/elements@^2.6.3",
        "npm:@react-navigation/native@^7.1.8",
        "npm:@supabase/supabase-js@^2.108.2",
        "npm:@types/react@~19.1.10",
        "npm:apify-client@^2.23.4",
        "npm:babel-preset-expo@~54.0.10",
        "npm:base64-js@^1.5.1",
        "npm:cheerio@^1.2.0",
        "npm:dotenv@^17.4.2",
        "npm:eslint-config-expo@10.0",
        "npm:eslint@^9.25.0",
        "npm:expo-apple-authentication@~8.0.8",
        "npm:expo-application@~7.0.8",
        "npm:expo-auth-session@~7.0.11",
        "npm:expo-camera@~17.0.10",
        "npm:expo-constants@~18.0.13",
        "npm:expo-crypto@~15.0.9",
        "npm:expo-dev-client@~6.0.21",
        "npm:expo-font@~14.0.12",
        "npm:expo-haptics@~15.0.8",
        "npm:expo-image-manipulator@~14.0.8",
        "npm:expo-image@~3.0.11",
        "npm:expo-linear-gradient@~15.0.8",
        "npm:expo-linking@~8.0.11",
        "npm:expo-router@~6.0.24",
        "npm:expo-splash-screen@~31.0.13",
        "npm:expo-status-bar@~3.0.9",
        "npm:expo-store-review@~9.0.9",
        "npm:expo-symbols@~1.0.8",
        "npm:expo-system-ui@~6.0.9",
        "npm:expo-web-browser@~15.0.11",
        "npm:expo@~54.0.35",
        "npm:jpeg-js@~0.4.4",
        "npm:react-dom@19.1.0",
        "npm:react-native-gesture-handler@2.28",
        "npm:react-native-health@^1.19.0",
        "npm:react-native-purchases-ui@^10.0.1",
        "npm:react-native-purchases@^10.0.1",
        "npm:react-native-reanimated@~4.1.1",
        "npm:react-native-safe-area-context@5.6",
        "npm:react-native-screens@4.16",
        "npm:react-native-svg-transformer@^1.5.2",
        "npm:react-native-svg@15.12.1",
        "npm:react-native-web@0.21",
        "npm:react-native@0.81.5",
        "npm:react@19.1.0",
        "npm:zustand@^5.0.9"
      ]
    }
  }
}
